// !$*UTF8*$!
{
	archiveVersion = 1;
	classes = {
	};
	objectVersion = 46;
	objects = {

/* Begin PBXBuildFile section */
		4FEC658A1727B64600F22421 /* AFHTTPClient.m in Sources */ = {isa = PBXBuildFile; fileRef = 4FEC65391727B64600F22421 /* AFHTTPClient.m */; };
		4FEC658B1727B64600F22421 /* AFHTTPRequestOperation.m in Sources */ = {isa = PBXBuildFile; fileRef = 4FEC653B1727B64600F22421 /* AFHTTPRequestOperation.m */; };
		4FEC658C1727B64600F22421 /* AFImageRequestOperation.m in Sources */ = {isa = PBXBuildFile; fileRef = 4FEC653D1727B64600F22421 /* AFImageRequestOperation.m */; };
		4FEC658D1727B64600F22421 /* AFJSONRequestOperation.m in Sources */ = {isa = PBXBuildFile; fileRef = 4FEC653F1727B64600F22421 /* AFJSONRequestOperation.m */; };
		4FEC658E1727B64600F22421 /* AFJSONUtilities.m in Sources */ = {isa = PBXBuildFile; fileRef = 4FEC65411727B64600F22421 /* AFJSONUtilities.m */; };
		4FEC658F1727B64600F22421 /* AFNetworkActivityIndicatorManager.m in Sources */ = {isa = PBXBuildFile; fileRef = 4FEC65431727B64600F22421 /* AFNetworkActivityIndicatorManager.m */; };
		4FEC65901727B64600F22421 /* AFPropertyListRequestOperation.m in Sources */ = {isa = PBXBuildFile; fileRef = 4FEC65461727B64600F22421 /* AFPropertyListRequestOperation.m */; };
		4FEC65911727B64600F22421 /* AFURLConnectionOperation.m in Sources */ = {isa = PBXBuildFile; fileRef = 4FEC65481727B64600F22421 /* AFURLConnectionOperation.m */; };
		4FEC65921727B64600F22421 /* AFXMLRequestOperation.m in Sources */ = {isa = PBXBuildFile; fileRef = 4FEC654A1727B64600F22421 /* AFXMLRequestOperation.m */; };
		4FEC65931727B64600F22421 /* UIImageView+AFNetworking.m in Sources */ = {isa = PBXBuildFile; fileRef = 4FEC654C1727B64600F22421 /* UIImageView+AFNetworking.m */; };
		4FEC65941727B64600F22421 /* AppDelegate.m in Sources */ = {isa = PBXBuildFile; fileRef = 4FEC654F1727B64600F22421 /* AppDelegate.m */; };
		4FEC65951727B64600F22421 /* Character.m in Sources */ = {isa = PBXBuildFile; fileRef = 4FEC65511727B64600F22421 /* Character.m */; };
		4FEC65961727B64600F22421 /* CharacterCell.m in Sources */ = {isa = PBXBuildFile; fileRef = 4FEC65531727B64600F22421 /* CharacterCell.m */; };
		4FEC65971727B64600F22421 /* CharacterDetailViewController.m in Sources */ = {isa = PBXBuildFile; fileRef = 4FEC65551727B64600F22421 /* CharacterDetailViewController.m */; };
		4FEC65981727B64600F22421 /* CharacterViewController.m in Sources */ = {isa = PBXBuildFile; fileRef = 4FEC65571727B64600F22421 /* CharacterViewController.m */; };
		4FEC65991727B64600F22421 /* InfoPlist.strings in Resources */ = {isa = PBXBuildFile; fileRef = 4FEC65581727B64600F22421 /* InfoPlist.strings */; };
		4FEC659A1727B64600F22421 /* MainStoryboard.storyboard in Resources */ = {isa = PBXBuildFile; fileRef = 4FEC655A1727B64600F22421 /* MainStoryboard.storyboard */; };
		4FEC659B1727B64600F22421 /* Guild.m in Sources */ = {isa = PBXBuildFile; fileRef = 4FEC655D1727B64600F22421 /* Guild.m */; };
		4FEC659C1727B64600F22421 /* GuildBrowser-Info.plist in Resources */ = {isa = PBXBuildFile; fileRef = 4FEC655E1727B64600F22421 /* GuildBrowser-Info.plist */; };
		4FEC659D1727B64600F22421 /* HeaderView.m in Sources */ = {isa = PBXBuildFile; fileRef = 4FEC65611727B64600F22421 /* HeaderView.m */; };
		4FEC659E1727B64600F22421 /* Item.m in Sources */ = {isa = PBXBuildFile; fileRef = 4FEC65631727B64600F22421 /* Item.m */; };
		4FEC659F1727B64600F22421 /* main.m in Sources */ = {isa = PBXBuildFile; fileRef = 4FEC65641727B64600F22421 /* main.m */; };
		4FEC65A01727B64600F22421 /* SetttingsViewController.m in Sources */ = {isa = PBXBuildFile; fileRef = 4FEC65661727B64600F22421 /* SetttingsViewController.m */; };
		4FEC65A11727B64600F22421 /* wow data.txt in Resources */ = {isa = PBXBuildFile; fileRef = 4FEC65671727B64600F22421 /* wow data.txt */; };
		4FEC65A21727B64600F22421 /* WoWApiClient.m in Sources */ = {isa = PBXBuildFile; fileRef = 4FEC65691727B64600F22421 /* WoWApiClient.m */; };
		4FEC65A31727B64600F22421 /* WowItemView.m in Sources */ = {isa = PBXBuildFile; fileRef = 4FEC656B1727B64600F22421 /* WowItemView.m */; };
		4FEC65A41727B64600F22421 /* WoWUtils.m in Sources */ = {isa = PBXBuildFile; fileRef = 4FEC656D1727B64600F22421 /* WoWUtils.m */; };
		4FEC65A51727B64600F22421 /* InfoPlist.strings in Resources */ = {isa = PBXBuildFile; fileRef = 4FEC656F1727B64600F22421 /* InfoPlist.strings */; };
		4FEC65A61727B64600F22421 /* GuildBrowserTests-Info.plist in Resources */ = {isa = PBXBuildFile; fileRef = 4FEC65711727B64600F22421 /* GuildBrowserTests-Info.plist */; };
		4FEC65A71727B64600F22421 /* GuildBrowserTests.m in Sources */ = {isa = PBXBuildFile; fileRef = 4FEC65731727B64600F22421 /* GuildBrowserTests.m */; };
		4FEC65A81727B64600F22421 /* bg.png in Resources */ = {isa = PBXBuildFile; fileRef = 4FEC65761727B64600F22421 /* bg.png */; };
		4FEC65A91727B64600F22421 /* bg@2x.png in Resources */ = {isa = PBXBuildFile; fileRef = 4FEC65771727B64600F22421 /* bg@2x.png */; };
		4FEC65AA1727B64600F22421 /* button_back_sel.png in Resources */ = {isa = PBXBuildFile; fileRef = 4FEC65781727B64600F22421 /* button_back_sel.png */; };
		4FEC65AB1727B64600F22421 /* button_back_sel@2x.png in Resources */ = {isa = PBXBuildFile; fileRef = 4FEC65791727B64600F22421 /* button_back_sel@2x.png */; };
		4FEC65AC1727B64600F22421 /* button_back_uns.png in Resources */ = {isa = PBXBuildFile; fileRef = 4FEC657A1727B64600F22421 /* button_back_uns.png */; };
		4FEC65AD1727B64600F22421 /* button_back_uns@2x.png in Resources */ = {isa = PBXBuildFile; fileRef = 4FEC657B1727B64600F22421 /* button_back_uns@2x.png */; };
		4FEC65AE1727B64600F22421 /* detailscreen_frame.png in Resources */ = {isa = PBXBuildFile; fileRef = 4FEC657C1727B64600F22421 /* detailscreen_frame.png */; };
		4FEC65AF1727B64600F22421 /* detailscreen_frame@2x.png in Resources */ = {isa = PBXBuildFile; fileRef = 4FEC657D1727B64600F22421 /* detailscreen_frame@2x.png */; };
		4FEC65B01727B64600F22421 /* divider.png in Resources */ = {isa = PBXBuildFile; fileRef = 4FEC657E1727B64600F22421 /* divider.png */; };
		4FEC65B11727B64600F22421 /* divider@2x.png in Resources */ = {isa = PBXBuildFile; fileRef = 4FEC657F1727B64600F22421 /* divider@2x.png */; };
		4FEC65B21727B64600F22421 /* mockup1.jpg in Resources */ = {isa = PBXBuildFile; fileRef = 4FEC65801727B64600F22421 /* mockup1.jpg */; };
		4FEC65B31727B64600F22421 /* Notes.txt in Resources */ = {isa = PBXBuildFile; fileRef = 4FEC65811727B64600F22421 /* Notes.txt */; };
		4FEC65B41727B64600F22421 /* profile_bg.png in Resources */ = {isa = PBXBuildFile; fileRef = 4FEC65821727B64600F22421 /* profile_bg.png */; };
		4FEC65B51727B64600F22421 /* profile_bg@2x.png in Resources */ = {isa = PBXBuildFile; fileRef = 4FEC65831727B64600F22421 /* profile_bg@2x.png */; };
		4FEC65B61727B64600F22421 /* profile_imageframe.png in Resources */ = {isa = PBXBuildFile; fileRef = 4FEC65841727B64600F22421 /* profile_imageframe.png */; };
		4FEC65B71727B64600F22421 /* profile_imageframe@2x.png in Resources */ = {isa = PBXBuildFile; fileRef = 4FEC65851727B64600F22421 /* profile_imageframe@2x.png */; };
		4FEC65B81727B64600F22421 /* profile_shield.png in Resources */ = {isa = PBXBuildFile; fileRef = 4FEC65861727B64600F22421 /* profile_shield.png */; };
		4FEC65B91727B64600F22421 /* profile_shield@2x.png in Resources */ = {isa = PBXBuildFile; fileRef = 4FEC65871727B64600F22421 /* profile_shield@2x.png */; };
		4FEC65BA1727B64600F22421 /* toolbar.png in Resources */ = {isa = PBXBuildFile; fileRef = 4FEC65881727B64600F22421 /* toolbar.png */; };
		4FEC65BB1727B64600F22421 /* toolbar@2x.png in Resources */ = {isa = PBXBuildFile; fileRef = 4FEC65891727B64600F22421 /* toolbar@2x.png */; };
		4FEC65BD1727BE9700F22421 /* CFNetwork.framework in Frameworks */ = {isa = PBXBuildFile; fileRef = 4FEC65BC1727BE9700F22421 /* CFNetwork.framework */; };
		4FEC65BF1727BE9D00F22421 /* MobileCoreServices.framework in Frameworks */ = {isa = PBXBuildFile; fileRef = 4FEC65BE1727BE9D00F22421 /* MobileCoreServices.framework */; };
		4FEC65C11727BEA300F22421 /* libz.dylib in Frameworks */ = {isa = PBXBuildFile; fileRef = 4FEC65C01727BEA300F22421 /* libz.dylib */; };
		4FEC65C31727BEAA00F22421 /* libxml2.dylib in Frameworks */ = {isa = PBXBuildFile; fileRef = 4FEC65C21727BEAA00F22421 /* libxml2.dylib */; };
		CB9FDC4015E9872D00B3713E /* UIKit.framework in Frameworks */ = {isa = PBXBuildFile; fileRef = CB9FDC3F15E9872D00B3713E /* UIKit.framework */; };
		CB9FDC4215E9872D00B3713E /* Foundation.framework in Frameworks */ = {isa = PBXBuildFile; fileRef = CB9FDC4115E9872D00B3713E /* Foundation.framework */; };
		CB9FDC4415E9872D00B3713E /* CoreGraphics.framework in Frameworks */ = {isa = PBXBuildFile; fileRef = CB9FDC4315E9872D00B3713E /* CoreGraphics.framework */; };
		CB9FDC5E15E9872E00B3713E /* SenTestingKit.framework in Frameworks */ = {isa = PBXBuildFile; fileRef = CB9FDC5D15E9872E00B3713E /* SenTestingKit.framework */; };
		CB9FDC5F15E9872E00B3713E /* UIKit.framework in Frameworks */ = {isa = PBXBuildFile; fileRef = CB9FDC3F15E9872D00B3713E /* UIKit.framework */; };
		CB9FDC6015E9872E00B3713E /* Foundation.framework in Frameworks */ = {isa = PBXBuildFile; fileRef = CB9FDC4115E9872D00B3713E /* Foundation.framework */; };
/* End PBXBuildFile section */

/* Begin PBXContainerItemProxy section */
		CB9FDC6115E9872E00B3713E /* PBXContainerItemProxy */ = {
			isa = PBXContainerItemProxy;
			containerPortal = CB9FDC3215E9872D00B3713E /* Project object */;
			proxyType = 1;
			remoteGlobalIDString = CB9FDC3A15E9872D00B3713E;
			remoteInfo = GuildBrowser;
		};
/* End PBXContainerItemProxy section */

/* Begin PBXFileReference section */
		4FEC65381727B64600F22421 /* AFHTTPClient.h */ = {isa = PBXFileReference; fileEncoding = 4; lastKnownFileType = sourcecode.c.h; path = AFHTTPClient.h; sourceTree = "<group>"; };
		4FEC65391727B64600F22421 /* AFHTTPClient.m */ = {isa = PBXFileReference; fileEncoding = 4; lastKnownFileType = sourcecode.c.objc; path = AFHTTPClient.m; sourceTree = "<group>"; };
		4FEC653A1727B64600F22421 /* AFHTTPRequestOperation.h */ = {isa = PBXFileReference; fileEncoding = 4; lastKnownFileType = sourcecode.c.h; path = AFHTTPRequestOperation.h; sourceTree = "<group>"; };
		4FEC653B1727B64600F22421 /* AFHTTPRequestOperation.m */ = {isa = PBXFileReference; fileEncoding = 4; lastKnownFileType = sourcecode.c.objc; path = AFHTTPRequestOperation.m; sourceTree = "<group>"; };
		4FEC653C1727B64600F22421 /* AFImageRequestOperation.h */ = {isa = PBXFileReference; fileEncoding = 4; lastKnownFileType = sourcecode.c.h; path = AFImageRequestOperation.h; sourceTree = "<group>"; };
		4FEC653D1727B64600F22421 /* AFImageRequestOperation.m */ = {isa = PBXFileReference; fileEncoding = 4; lastKnownFileType = sourcecode.c.objc; path = AFImageRequestOperation.m; sourceTree = "<group>"; };
		4FEC653E1727B64600F22421 /* AFJSONRequestOperation.h */ = {isa = PBXFileReference; fileEncoding = 4; lastKnownFileType = sourcecode.c.h; path = AFJSONRequestOperation.h; sourceTree = "<group>"; };
		4FEC653F1727B64600F22421 /* AFJSONRequestOperation.m */ = {isa = PBXFileReference; fileEncoding = 4; lastKnownFileType = sourcecode.c.objc; path = AFJSONRequestOperation.m; sourceTree = "<group>"; };
		4FEC65401727B64600F22421 /* AFJSONUtilities.h */ = {isa = PBXFileReference; fileEncoding = 4; lastKnownFileType = sourcecode.c.h; path = AFJSONUtilities.h; sourceTree = "<group>"; };
		4FEC65411727B64600F22421 /* AFJSONUtilities.m */ = {isa = PBXFileReference; fileEncoding = 4; lastKnownFileType = sourcecode.c.objc; path = AFJSONUtilities.m; sourceTree = "<group>"; };
		4FEC65421727B64600F22421 /* AFNetworkActivityIndicatorManager.h */ = {isa = PBXFileReference; fileEncoding = 4; lastKnownFileType = sourcecode.c.h; path = AFNetworkActivityIndicatorManager.h; sourceTree = "<group>"; };
		4FEC65431727B64600F22421 /* AFNetworkActivityIndicatorManager.m */ = {isa = PBXFileReference; fileEncoding = 4; lastKnownFileType = sourcecode.c.objc; path = AFNetworkActivityIndicatorManager.m; sourceTree = "<group>"; };
		4FEC65441727B64600F22421 /* AFNetworking.h */ = {isa = PBXFileReference; fileEncoding = 4; lastKnownFileType = sourcecode.c.h; path = AFNetworking.h; sourceTree = "<group>"; };
		4FEC65451727B64600F22421 /* AFPropertyListRequestOperation.h */ = {isa = PBXFileReference; fileEncoding = 4; lastKnownFileType = sourcecode.c.h; path = AFPropertyListRequestOperation.h; sourceTree = "<group>"; };
		4FEC65461727B64600F22421 /* AFPropertyListRequestOperation.m */ = {isa = PBXFileReference; fileEncoding = 4; lastKnownFileType = sourcecode.c.objc; path = AFPropertyListRequestOperation.m; sourceTree = "<group>"; };
		4FEC65471727B64600F22421 /* AFURLConnectionOperation.h */ = {isa = PBXFileReference; fileEncoding = 4; lastKnownFileType = sourcecode.c.h; path = AFURLConnectionOperation.h; sourceTree = "<group>"; };
		4FEC65481727B64600F22421 /* AFURLConnectionOperation.m */ = {isa = PBXFileReference; fileEncoding = 4; lastKnownFileType = sourcecode.c.objc; path = AFURLConnectionOperation.m; sourceTree = "<group>"; };
		4FEC65491727B64600F22421 /* AFXMLRequestOperation.h */ = {isa = PBXFileReference; fileEncoding = 4; lastKnownFileType = sourcecode.c.h; path = AFXMLRequestOperation.h; sourceTree = "<group>"; };
		4FEC654A1727B64600F22421 /* AFXMLRequestOperation.m */ = {isa = PBXFileReference; fileEncoding = 4; lastKnownFileType = sourcecode.c.objc; path = AFXMLRequestOperation.m; sourceTree = "<group>"; };
		4FEC654B1727B64600F22421 /* UIImageView+AFNetworking.h */ = {isa = PBXFileReference; fileEncoding = 4; lastKnownFileType = sourcecode.c.h; path = "UIImageView+AFNetworking.h"; sourceTree = "<group>"; };
		4FEC654C1727B64600F22421 /* UIImageView+AFNetworking.m */ = {isa = PBXFileReference; fileEncoding = 4; lastKnownFileType = sourcecode.c.objc; path = "UIImageView+AFNetworking.m"; sourceTree = "<group>"; };
		4FEC654E1727B64600F22421 /* AppDelegate.h */ = {isa = PBXFileReference; fileEncoding = 4; lastKnownFileType = sourcecode.c.h; path = AppDelegate.h; sourceTree = "<group>"; };
		4FEC654F1727B64600F22421 /* AppDelegate.m */ = {isa = PBXFileReference; fileEncoding = 4; lastKnownFileType = sourcecode.c.objc; path = AppDelegate.m; sourceTree = "<group>"; };
		4FEC65501727B64600F22421 /* Character.h */ = {isa = PBXFileReference; fileEncoding = 4; lastKnownFileType = sourcecode.c.h; path = Character.h; sourceTree = "<group>"; };
		4FEC65511727B64600F22421 /* Character.m */ = {isa = PBXFileReference; fileEncoding = 4; lastKnownFileType = sourcecode.c.objc; path = Character.m; sourceTree = "<group>"; };
		4FEC65521727B64600F22421 /* CharacterCell.h */ = {isa = PBXFileReference; fileEncoding = 4; lastKnownFileType = sourcecode.c.h; path = CharacterCell.h; sourceTree = "<group>"; };
		4FEC65531727B64600F22421 /* CharacterCell.m */ = {isa = PBXFileReference; fileEncoding = 4; lastKnownFileType = sourcecode.c.objc; path = CharacterCell.m; sourceTree = "<group>"; };
		4FEC65541727B64600F22421 /* CharacterDetailViewController.h */ = {isa = PBXFileReference; fileEncoding = 4; lastKnownFileType = sourcecode.c.h; path = CharacterDetailViewController.h; sourceTree = "<group>"; };
		4FEC65551727B64600F22421 /* CharacterDetailViewController.m */ = {isa = PBXFileReference; fileEncoding = 4; lastKnownFileType = sourcecode.c.objc; path = CharacterDetailViewController.m; sourceTree = "<group>"; };
		4FEC65561727B64600F22421 /* CharacterViewController.h */ = {isa = PBXFileReference; fileEncoding = 4; lastKnownFileType = sourcecode.c.h; path = CharacterViewController.h; sourceTree = "<group>"; };
		4FEC65571727B64600F22421 /* CharacterViewController.m */ = {isa = PBXFileReference; fileEncoding = 4; lastKnownFileType = sourcecode.c.objc; path = CharacterViewController.m; sourceTree = "<group>"; };
		4FEC65591727B64600F22421 /* en */ = {isa = PBXFileReference; lastKnownFileType = text.plist.strings; name = en; path = en.lproj/InfoPlist.strings; sourceTree = "<group>"; };
		4FEC655B1727B64600F22421 /* en */ = {isa = PBXFileReference; lastKnownFileType = file.storyboard; name = en; path = en.lproj/MainStoryboard.storyboard; sourceTree = "<group>"; };
		4FEC655C1727B64600F22421 /* Guild.h */ = {isa = PBXFileReference; fileEncoding = 4; lastKnownFileType = sourcecode.c.h; path = Guild.h; sourceTree = "<group>"; };
		4FEC655D1727B64600F22421 /* Guild.m */ = {isa = PBXFileReference; fileEncoding = 4; lastKnownFileType = sourcecode.c.objc; path = Guild.m; sourceTree = "<group>"; };
		4FEC655E1727B64600F22421 /* GuildBrowser-Info.plist */ = {isa = PBXFileReference; fileEncoding = 4; lastKnownFileType = text.plist.xml; path = "GuildBrowser-Info.plist"; sourceTree = "<group>"; };
		4FEC655F1727B64600F22421 /* GuildBrowser-Prefix.pch */ = {isa = PBXFileReference; fileEncoding = 4; lastKnownFileType = sourcecode.c.h; path = "GuildBrowser-Prefix.pch"; sourceTree = "<group>"; };
		4FEC65601727B64600F22421 /* HeaderView.h */ = {isa = PBXFileReference; fileEncoding = 4; lastKnownFileType = sourcecode.c.h; path = HeaderView.h; sourceTree = "<group>"; };
		4FEC65611727B64600F22421 /* HeaderView.m */ = {isa = PBXFileReference; fileEncoding = 4; lastKnownFileType = sourcecode.c.objc; path = HeaderView.m; sourceTree = "<group>"; };
		4FEC65621727B64600F22421 /* Item.h */ = {isa = PBXFileReference; fileEncoding = 4; lastKnownFileType = sourcecode.c.h; path = Item.h; sourceTree = "<group>"; };
		4FEC65631727B64600F22421 /* Item.m */ = {isa = PBXFileReference; fileEncoding = 4; lastKnownFileType = sourcecode.c.objc; path = Item.m; sourceTree = "<group>"; };
		4FEC65641727B64600F22421 /* main.m */ = {isa = PBXFileReference; fileEncoding = 4; lastKnownFileType = sourcecode.c.objc; path = main.m; sourceTree = "<group>"; };
		4FEC65651727B64600F22421 /* SetttingsViewController.h */ = {isa = PBXFileReference; fileEncoding = 4; lastKnownFileType = sourcecode.c.h; path = SetttingsViewController.h; sourceTree = "<group>"; };
		4FEC65661727B64600F22421 /* SetttingsViewController.m */ = {isa = PBXFileReference; fileEncoding = 4; lastKnownFileType = sourcecode.c.objc; path = SetttingsViewController.m; sourceTree = "<group>"; };
		4FEC65671727B64600F22421 /* wow data.txt */ = {isa = PBXFileReference; fileEncoding = 4; lastKnownFileType = text; path = "wow data.txt"; sourceTree = "<group>"; };
		4FEC65681727B64600F22421 /* WoWApiClient.h */ = {isa = PBXFileReference; fileEncoding = 4; lastKnownFileType = sourcecode.c.h; path = WoWApiClient.h; sourceTree = "<group>"; };
		4FEC65691727B64600F22421 /* WoWApiClient.m */ = {isa = PBXFileReference; fileEncoding = 4; lastKnownFileType = sourcecode.c.objc; path = WoWApiClient.m; sourceTree = "<group>"; };
		4FEC656A1727B64600F22421 /* WowItemView.h */ = {isa = PBXFileReference; fileEncoding = 4; lastKnownFileType = sourcecode.c.h; path = WowItemView.h; sourceTree = "<group>"; };
		4FEC656B1727B64600F22421 /* WowItemView.m */ = {isa = PBXFileReference; fileEncoding = 4; lastKnownFileType = sourcecode.c.objc; path = WowItemView.m; sourceTree = "<group>"; };
		4FEC656C1727B64600F22421 /* WoWUtils.h */ = {isa = PBXFileReference; fileEncoding = 4; lastKnownFileType = sourcecode.c.h; path = WoWUtils.h; sourceTree = "<group>"; };
		4FEC656D1727B64600F22421 /* WoWUtils.m */ = {isa = PBXFileReference; fileEncoding = 4; lastKnownFileType = sourcecode.c.objc; path = WoWUtils.m; sourceTree = "<group>"; };
		4FEC65701727B64600F22421 /* en */ = {isa = PBXFileReference; lastKnownFileType = text.plist.strings; name = en; path = en.lproj/InfoPlist.strings; sourceTree = "<group>"; };
		4FEC65711727B64600F22421 /* GuildBrowserTests-Info.plist */ = {isa = PBXFileReference; fileEncoding = 4; lastKnownFileType = text.plist.xml; path = "GuildBrowserTests-Info.plist"; sourceTree = "<group>"; };
		4FEC65721727B64600F22421 /* GuildBrowserTests.h */ = {isa = PBXFileReference; fileEncoding = 4; lastKnownFileType = sourcecode.c.h; path = GuildBrowserTests.h; sourceTree = "<group>"; };
		4FEC65731727B64600F22421 /* GuildBrowserTests.m */ = {isa = PBXFileReference; fileEncoding = 4; lastKnownFileType = sourcecode.c.objc; path = GuildBrowserTests.m; sourceTree = "<group>"; };
		4FEC65761727B64600F22421 /* bg.png */ = {isa = PBXFileReference; lastKnownFileType = image.png; path = bg.png; sourceTree = "<group>"; };
		4FEC65771727B64600F22421 /* bg@2x.png */ = {isa = PBXFileReference; lastKnownFileType = image.png; path = "bg@2x.png"; sourceTree = "<group>"; };
		4FEC65781727B64600F22421 /* button_back_sel.png */ = {isa = PBXFileReference; lastKnownFileType = image.png; path = button_back_sel.png; sourceTree = "<group>"; };
		4FEC65791727B64600F22421 /* button_back_sel@2x.png */ = {isa = PBXFileReference; lastKnownFileType = image.png; path = "button_back_sel@2x.png"; sourceTree = "<group>"; };
		4FEC657A1727B64600F22421 /* button_back_uns.png */ = {isa = PBXFileReference; lastKnownFileType = image.png; path = button_back_uns.png; sourceTree = "<group>"; };
		4FEC657B1727B64600F22421 /* button_back_uns@2x.png */ = {isa = PBXFileReference; lastKnownFileType = image.png; path = "button_back_uns@2x.png"; sourceTree = "<group>"; };
		4FEC657C1727B64600F22421 /* detailscreen_frame.png */ = {isa = PBXFileReference; lastKnownFileType = image.png; path = detailscreen_frame.png; sourceTree = "<group>"; };
		4FEC657D1727B64600F22421 /* detailscreen_frame@2x.png */ = {isa = PBXFileReference; lastKnownFileType = image.png; path = "detailscreen_frame@2x.png"; sourceTree = "<group>"; };
		4FEC657E1727B64600F22421 /* divider.png */ = {isa = PBXFileReference; lastKnownFileType = image.png; path = divider.png; sourceTree = "<group>"; };
		4FEC657F1727B64600F22421 /* divider@2x.png */ = {isa = PBXFileReference; lastKnownFileType = image.png; path = "divider@2x.png"; sourceTree = "<group>"; };
		4FEC65801727B64600F22421 /* mockup1.jpg */ = {isa = PBXFileReference; lastKnownFileType = image.jpeg; path = mockup1.jpg; sourceTree = "<group>"; };
		4FEC65811727B64600F22421 /* Notes.txt */ = {isa = PBXFileReference; fileEncoding = 4; lastKnownFileType = text; path = Notes.txt; sourceTree = "<group>"; };
		4FEC65821727B64600F22421 /* profile_bg.png */ = {isa = PBXFileReference; lastKnownFileType = image.png; path = profile_bg.png; sourceTree = "<group>"; };
		4FEC65831727B64600F22421 /* profile_bg@2x.png */ = {isa = PBXFileReference; lastKnownFileType = image.png; path = "profile_bg@2x.png"; sourceTree = "<group>"; };
		4FEC65841727B64600F22421 /* profile_imageframe.png */ = {isa = PBXFileReference; lastKnownFileType = image.png; path = profile_imageframe.png; sourceTree = "<group>"; };
		4FEC65851727B64600F22421 /* profile_imageframe@2x.png */ = {isa = PBXFileReference; lastKnownFileType = image.png; path = "profile_imageframe@2x.png"; sourceTree = "<group>"; };
		4FEC65861727B64600F22421 /* profile_shield.png */ = {isa = PBXFileReference; lastKnownFileType = image.png; path = profile_shield.png; sourceTree = "<group>"; };
		4FEC65871727B64600F22421 /* profile_shield@2x.png */ = {isa = PBXFileReference; lastKnownFileType = image.png; path = "profile_shield@2x.png"; sourceTree = "<group>"; };
		4FEC65881727B64600F22421 /* toolbar.png */ = {isa = PBXFileReference; lastKnownFileType = image.png; path = toolbar.png; sourceTree = "<group>"; };
		4FEC65891727B64600F22421 /* toolbar@2x.png */ = {isa = PBXFileReference; lastKnownFileType = image.png; path = "toolbar@2x.png"; sourceTree = "<group>"; };
		4FEC65BC1727BE9700F22421 /* CFNetwork.framework */ = {isa = PBXFileReference; lastKnownFileType = wrapper.framework; name = CFNetwork.framework; path = System/Library/Frameworks/CFNetwork.framework; sourceTree = SDKROOT; };
		4FEC65BE1727BE9D00F22421 /* MobileCoreServices.framework */ = {isa = PBXFileReference; lastKnownFileType = wrapper.framework; name = MobileCoreServices.framework; path = System/Library/Frameworks/MobileCoreServices.framework; sourceTree = SDKROOT; };
		4FEC65C01727BEA300F22421 /* libz.dylib */ = {isa = PBXFileReference; lastKnownFileType = "compiled.mach-o.dylib"; name = libz.dylib; path = usr/lib/libz.dylib; sourceTree = SDKROOT; };
		4FEC65C21727BEAA00F22421 /* libxml2.dylib */ = {isa = PBXFileReference; lastKnownFileType = "compiled.mach-o.dylib"; name = libxml2.dylib; path = usr/lib/libxml2.dylib; sourceTree = SDKROOT; };
		CB9FDC3B15E9872D00B3713E /* GuildBrowser.app */ = {isa = PBXFileReference; explicitFileType = wrapper.application; includeInIndex = 0; path = GuildBrowser.app; sourceTree = BUILT_PRODUCTS_DIR; };
		CB9FDC3F15E9872D00B3713E /* UIKit.framework */ = {isa = PBXFileReference; lastKnownFileType = wrapper.framework; name = UIKit.framework; path = System/Library/Frameworks/UIKit.framework; sourceTree = SDKROOT; };
		CB9FDC4115E9872D00B3713E /* Foundation.framework */ = {isa = PBXFileReference; lastKnownFileType = wrapper.framework; name = Foundation.framework; path = System/Library/Frameworks/Foundation.framework; sourceTree = SDKROOT; };
		CB9FDC4315E9872D00B3713E /* CoreGraphics.framework */ = {isa = PBXFileReference; lastKnownFileType = wrapper.framework; name = CoreGraphics.framework; path = System/Library/Frameworks/CoreGraphics.framework; sourceTree = SDKROOT; };
		CB9FDC5C15E9872E00B3713E /* GuildBrowserTests.octest */ = {isa = PBXFileReference; explicitFileType = wrapper.cfbundle; includeInIndex = 0; path = GuildBrowserTests.octest; sourceTree = BUILT_PRODUCTS_DIR; };
		CB9FDC5D15E9872E00B3713E /* SenTestingKit.framework */ = {isa = PBXFileReference; lastKnownFileType = wrapper.framework; name = SenTestingKit.framework; path = Library/Frameworks/SenTestingKit.framework; sourceTree = DEVELOPER_DIR; };
/* End PBXFileReference section */

/* Begin PBXFrameworksBuildPhase section */
		CB9FDC3815E9872D00B3713E /* Frameworks */ = {
			isa = PBXFrameworksBuildPhase;
			buildActionMask = 2147483647;
			files = (
				4FEC65C31727BEAA00F22421 /* libxml2.dylib in Frameworks */,
				4FEC65C11727BEA300F22421 /* libz.dylib in Frameworks */,
				4FEC65BF1727BE9D00F22421 /* MobileCoreServices.framework in Frameworks */,
				4FEC65BD1727BE9700F22421 /* CFNetwork.framework in Frameworks */,
				CB9FDC4015E9872D00B3713E /* UIKit.framework in Frameworks */,
				CB9FDC4215E9872D00B3713E /* Foundation.framework in Frameworks */,
				CB9FDC4415E9872D00B3713E /* CoreGraphics.framework in Frameworks */,
			);
			runOnlyForDeploymentPostprocessing = 0;
		};
		CB9FDC5815E9872E00B3713E /* Frameworks */ = {
			isa = PBXFrameworksBuildPhase;
			buildActionMask = 2147483647;
			files = (
				CB9FDC5E15E9872E00B3713E /* SenTestingKit.framework in Frameworks */,
				CB9FDC5F15E9872E00B3713E /* UIKit.framework in Frameworks */,
				CB9FDC6015E9872E00B3713E /* Foundation.framework in Frameworks */,
			);
			runOnlyForDeploymentPostprocessing = 0;
		};
/* End PBXFrameworksBuildPhase section */

/* Begin PBXGroup section */
		4FEC65371727B64600F22421 /* AFNetworking */ = {
			isa = PBXGroup;
			children = (
				4FEC65381727B64600F22421 /* AFHTTPClient.h */,
				4FEC65391727B64600F22421 /* AFHTTPClient.m */,
				4FEC653A1727B64600F22421 /* AFHTTPRequestOperation.h */,
				4FEC653B1727B64600F22421 /* AFHTTPRequestOperation.m */,
				4FEC653C1727B64600F22421 /* AFImageRequestOperation.h */,
				4FEC653D1727B64600F22421 /* AFImageRequestOperation.m */,
				4FEC653E1727B64600F22421 /* AFJSONRequestOperation.h */,
				4FEC653F1727B64600F22421 /* AFJSONRequestOperation.m */,
				4FEC65401727B64600F22421 /* AFJSONUtilities.h */,
				4FEC65411727B64600F22421 /* AFJSONUtilities.m */,
				4FEC65421727B64600F22421 /* AFNetworkActivityIndicatorManager.h */,
				4FEC65431727B64600F22421 /* AFNetworkActivityIndicatorManager.m */,
				4FEC65441727B64600F22421 /* AFNetworking.h */,
				4FEC65451727B64600F22421 /* AFPropertyListRequestOperation.h */,
				4FEC65461727B64600F22421 /* AFPropertyListRequestOperation.m */,
				4FEC65471727B64600F22421 /* AFURLConnectionOperation.h */,
				4FEC65481727B64600F22421 /* AFURLConnectionOperation.m */,
				4FEC65491727B64600F22421 /* AFXMLRequestOperation.h */,
				4FEC654A1727B64600F22421 /* AFXMLRequestOperation.m */,
				4FEC654B1727B64600F22421 /* UIImageView+AFNetworking.h */,
				4FEC654C1727B64600F22421 /* UIImageView+AFNetworking.m */,
			);
			path = AFNetworking;
			sourceTree = "<group>";
		};
		4FEC654D1727B64600F22421 /* GuildBrowser */ = {
			isa = PBXGroup;
			children = (
				4FEC654E1727B64600F22421 /* AppDelegate.h */,
				4FEC654F1727B64600F22421 /* AppDelegate.m */,
				4FEC65501727B64600F22421 /* Character.h */,
				4FEC65511727B64600F22421 /* Character.m */,
				4FEC65521727B64600F22421 /* CharacterCell.h */,
				4FEC65531727B64600F22421 /* CharacterCell.m */,
				4FEC65541727B64600F22421 /* CharacterDetailViewController.h */,
				4FEC65551727B64600F22421 /* CharacterDetailViewController.m */,
				4FEC65561727B64600F22421 /* CharacterViewController.h */,
				4FEC65571727B64600F22421 /* CharacterViewController.m */,
				4FEC65581727B64600F22421 /* InfoPlist.strings */,
				4FEC655A1727B64600F22421 /* MainStoryboard.storyboard */,
				4FEC655C1727B64600F22421 /* Guild.h */,
				4FEC655D1727B64600F22421 /* Guild.m */,
				4FEC655E1727B64600F22421 /* GuildBrowser-Info.plist */,
				4FEC655F1727B64600F22421 /* GuildBrowser-Prefix.pch */,
				4FEC65601727B64600F22421 /* HeaderView.h */,
				4FEC65611727B64600F22421 /* HeaderView.m */,
				4FEC65621727B64600F22421 /* Item.h */,
				4FEC65631727B64600F22421 /* Item.m */,
				4FEC65641727B64600F22421 /* main.m */,
				4FEC65651727B64600F22421 /* SetttingsViewController.h */,
				4FEC65661727B64600F22421 /* SetttingsViewController.m */,
				4FEC65671727B64600F22421 /* wow data.txt */,
				4FEC65681727B64600F22421 /* WoWApiClient.h */,
				4FEC65691727B64600F22421 /* WoWApiClient.m */,
				4FEC656A1727B64600F22421 /* WowItemView.h */,
				4FEC656B1727B64600F22421 /* WowItemView.m */,
				4FEC656C1727B64600F22421 /* WoWUtils.h */,
				4FEC656D1727B64600F22421 /* WoWUtils.m */,
			);
			path = GuildBrowser;
			sourceTree = "<group>";
		};
		4FEC656E1727B64600F22421 /* GuildBrowserTests */ = {
			isa = PBXGroup;
			children = (
				4FEC656F1727B64600F22421 /* InfoPlist.strings */,
				4FEC65711727B64600F22421 /* GuildBrowserTests-Info.plist */,
				4FEC65721727B64600F22421 /* GuildBrowserTests.h */,
				4FEC65731727B64600F22421 /* GuildBrowserTests.m */,
			);
			path = GuildBrowserTests;
			sourceTree = "<group>";
		};
		4FEC65741727B64600F22421 /* images */ = {
			isa = PBXGroup;
			children = (
				4FEC65751727B64600F22421 /* RPGArt */,
			);
			path = images;
			sourceTree = "<group>";
		};
		4FEC65751727B64600F22421 /* RPGArt */ = {
			isa = PBXGroup;
			children = (
				4FEC65761727B64600F22421 /* bg.png */,
				4FEC65771727B64600F22421 /* bg@2x.png */,
				4FEC65781727B64600F22421 /* button_back_sel.png */,
				4FEC65791727B64600F22421 /* button_back_sel@2x.png */,
				4FEC657A1727B64600F22421 /* button_back_uns.png */,
				4FEC657B1727B64600F22421 /* button_back_uns@2x.png */,
				4FEC657C1727B64600F22421 /* detailscreen_frame.png */,
				4FEC657D1727B64600F22421 /* detailscreen_frame@2x.png */,
				4FEC657E1727B64600F22421 /* divider.png */,
				4FEC657F1727B64600F22421 /* divider@2x.png */,
				4FEC65801727B64600F22421 /* mockup1.jpg */,
				4FEC65811727B64600F22421 /* Notes.txt */,
				4FEC65821727B64600F22421 /* profile_bg.png */,
				4FEC65831727B64600F22421 /* profile_bg@2x.png */,
				4FEC65841727B64600F22421 /* profile_imageframe.png */,
				4FEC65851727B64600F22421 /* profile_imageframe@2x.png */,
				4FEC65861727B64600F22421 /* profile_shield.png */,
				4FEC65871727B64600F22421 /* profile_shield@2x.png */,
				4FEC65881727B64600F22421 /* toolbar.png */,
				4FEC65891727B64600F22421 /* toolbar@2x.png */,
			);
			path = RPGArt;
			sourceTree = "<group>";
		};
		CB9FDC3015E9872D00B3713E = {
			isa = PBXGroup;
			children = (
				4FEC65C21727BEAA00F22421 /* libxml2.dylib */,
				4FEC65C01727BEA300F22421 /* libz.dylib */,
				4FEC65BE1727BE9D00F22421 /* MobileCoreServices.framework */,
				4FEC65BC1727BE9700F22421 /* CFNetwork.framework */,
				4FEC65371727B64600F22421 /* AFNetworking */,
				4FEC654D1727B64600F22421 /* GuildBrowser */,
				4FEC656E1727B64600F22421 /* GuildBrowserTests */,
				4FEC65741727B64600F22421 /* images */,
				CB9FDC3E15E9872D00B3713E /* Frameworks */,
				CB9FDC3C15E9872D00B3713E /* Products */,
			);
			sourceTree = "<group>";
		};
		CB9FDC3C15E9872D00B3713E /* Products */ = {
			isa = PBXGroup;
			children = (
				CB9FDC3B15E9872D00B3713E /* GuildBrowser.app */,
				CB9FDC5C15E9872E00B3713E /* GuildBrowserTests.octest */,
			);
			name = Products;
			sourceTree = "<group>";
		};
		CB9FDC3E15E9872D00B3713E /* Frameworks */ = {
			isa = PBXGroup;
			children = (
				CB9FDC3F15E9872D00B3713E /* UIKit.framework */,
				CB9FDC4115E9872D00B3713E /* Foundation.framework */,
				CB9FDC4315E9872D00B3713E /* CoreGraphics.framework */,
				CB9FDC5D15E9872E00B3713E /* SenTestingKit.framework */,
			);
			name = Frameworks;
			sourceTree = "<group>";
		};
/* End PBXGroup section */

/* Begin PBXNativeTarget section */
		CB9FDC3A15E9872D00B3713E /* GuildBrowser */ = {
			isa = PBXNativeTarget;
			buildConfigurationList = CB9FDC6E15E9872E00B3713E /* Build configuration list for PBXNativeTarget "GuildBrowser" */;
			buildPhases = (
				CB9FDC3715E9872D00B3713E /* Sources */,
				CB9FDC3815E9872D00B3713E /* Frameworks */,
				CB9FDC3915E9872D00B3713E /* Resources */,
			);
			buildRules = (
			);
			dependencies = (
			);
			name = GuildBrowser;
			productName = GuildBrowser;
			productReference = CB9FDC3B15E9872D00B3713E /* GuildBrowser.app */;
			productType = "com.apple.product-type.application";
		};
		CB9FDC5B15E9872E00B3713E /* GuildBrowserTests */ = {
			isa = PBXNativeTarget;
			buildConfigurationList = CB9FDC7115E9872E00B3713E /* Build configuration list for PBXNativeTarget "GuildBrowserTests" */;
			buildPhases = (
				CB9FDC5715E9872E00B3713E /* Sources */,
				CB9FDC5815E9872E00B3713E /* Frameworks */,
				CB9FDC5915E9872E00B3713E /* Resources */,
				CB9FDC5A15E9872E00B3713E /* ShellScript */,
			);
			buildRules = (
			);
			dependencies = (
				CB9FDC6215E9872E00B3713E /* PBXTargetDependency */,
			);
			name = GuildBrowserTests;
			productName = GuildBrowserTests;
			productReference = CB9FDC5C15E9872E00B3713E /* GuildBrowserTests.octest */;
			productType = "com.apple.product-type.bundle";
		};
/* End PBXNativeTarget section */

/* Begin PBXProject section */
		CB9FDC3215E9872D00B3713E /* Project object */ = {
			isa = PBXProject;
			attributes = {
				LastUpgradeCheck = 0450;
				ORGANIZATIONNAME = "Charlie Fulton";
			};
			buildConfigurationList = CB9FDC3515E9872D00B3713E /* Build configuration list for PBXProject "GuildBrowser" */;
			compatibilityVersion = "Xcode 3.2";
			developmentRegion = English;
			hasScannedForEncodings = 0;
			knownRegions = (
				en,
			);
			mainGroup = CB9FDC3015E9872D00B3713E;
			productRefGroup = CB9FDC3C15E9872D00B3713E /* Products */;
			projectDirPath = "";
			projectRoot = "";
			targets = (
				CB9FDC3A15E9872D00B3713E /* GuildBrowser */,
				CB9FDC5B15E9872E00B3713E /* GuildBrowserTests */,
			);
		};
/* End PBXProject section */

/* Begin PBXResourcesBuildPhase section */
		CB9FDC3915E9872D00B3713E /* Resources */ = {
			isa = PBXResourcesBuildPhase;
			buildActionMask = 2147483647;
			files = (
				4FEC65991727B64600F22421 /* InfoPlist.strings in Resources */,
				4FEC659A1727B64600F22421 /* MainStoryboard.storyboard in Resources */,
				4FEC659C1727B64600F22421 /* GuildBrowser-Info.plist in Resources */,
				4FEC65A11727B64600F22421 /* wow data.txt in Resources */,
				4FEC65A51727B64600F22421 /* InfoPlist.strings in Resources */,
				4FEC65A61727B64600F22421 /* GuildBrowserTests-Info.plist in Resources */,
				4FEC65A81727B64600F22421 /* bg.png in Resources */,
				4FEC65A91727B64600F22421 /* bg@2x.png in Resources */,
				4FEC65AA1727B64600F22421 /* button_back_sel.png in Resources */,
				4FEC65AB1727B64600F22421 /* button_back_sel@2x.png in Resources */,
				4FEC65AC1727B64600F22421 /* button_back_uns.png in Resources */,
				4FEC65AD1727B64600F22421 /* button_back_uns@2x.png in Resources */,
				4FEC65AE1727B64600F22421 /* detailscreen_frame.png in Resources */,
				4FEC65AF1727B64600F22421 /* detailscreen_frame@2x.png in Resources */,
				4FEC65B01727B64600F22421 /* divider.png in Resources */,
				4FEC65B11727B64600F22421 /* divider@2x.png in Resources */,
				4FEC65B21727B64600F22421 /* mockup1.jpg in Resources */,
				4FEC65B31727B64600F22421 /* Notes.txt in Resources */,
				4FEC65B41727B64600F22421 /* profile_bg.png in Resources */,
				4FEC65B51727B64600F22421 /* profile_bg@2x.png in Resources */,
				4FEC65B61727B64600F22421 /* profile_imageframe.png in Resources */,
				4FEC65B71727B64600F22421 /* profile_imageframe@2x.png in Resources */,
				4FEC65B81727B64600F22421 /* profile_shield.png in Resources */,
				4FEC65B91727B64600F22421 /* profile_shield@2x.png in Resources */,
				4FEC65BA1727B64600F22421 /* toolbar.png in Resources */,
				4FEC65BB1727B64600F22421 /* toolbar@2x.png in Resources */,
			);
			runOnlyForDeploymentPostprocessing = 0;
		};
		CB9FDC5915E9872E00B3713E /* Resources */ = {
			isa = PBXResourcesBuildPhase;
			buildActionMask = 2147483647;
			files = (
			);
			runOnlyForDeploymentPostprocessing = 0;
		};
/* End PBXResourcesBuildPhase section */

/* Begin PBXShellScriptBuildPhase section */
		CB9FDC5A15E9872E00B3713E /* ShellScript */ = {
			isa = PBXShellScriptBuildPhase;
			buildActionMask = 2147483647;
			files = (
			);
			inputPaths = (
			);
			outputPaths = (
			);
			runOnlyForDeploymentPostprocessing = 0;
			shellPath = /bin/sh;
			shellScript = "# Run the unit tests in this test bundle.\n\"${SYSTEM_DEVELOPER_DIR}/Tools/RunUnitTests\"\n";
		};
/* End PBXShellScriptBuildPhase section */

/* Begin PBXSourcesBuildPhase section */
		CB9FDC3715E9872D00B3713E /* Sources */ = {
			isa = PBXSourcesBuildPhase;
			buildActionMask = 2147483647;
			files = (
				4FEC658A1727B64600F22421 /* AFHTTPClient.m in Sources */,
				4FEC658B1727B64600F22421 /* AFHTTPRequestOperation.m in Sources */,
				4FEC658C1727B64600F22421 /* AFImageRequestOperation.m in Sources */,
				4FEC658D1727B64600F22421 /* AFJSONRequestOperation.m in Sources */,
				4FEC658E1727B64600F22421 /* AFJSONUtilities.m in Sources */,
				4FEC658F1727B64600F22421 /* AFNetworkActivityIndicatorManager.m in Sources */,
				4FEC65901727B64600F22421 /* AFPropertyListRequestOperation.m in Sources */,
				4FEC65911727B64600F22421 /* AFURLConnectionOperation.m in Sources */,
				4FEC65921727B64600F22421 /* AFXMLRequestOperation.m in Sources */,
				4FEC65931727B64600F22421 /* UIImageView+AFNetworking.m in Sources */,
				4FEC65941727B64600F22421 /* AppDelegate.m in Sources */,
				4FEC65951727B64600F22421 /* Character.m in Sources */,
				4FEC65961727B64600F22421 /* CharacterCell.m in Sources */,
				4FEC65971727B64600F22421 /* CharacterDetailViewController.m in Sources */,
				4FEC65981727B64600F22421 /* CharacterViewController.m in Sources */,
				4FEC659B1727B64600F22421 /* Guild.m in Sources */,
				4FEC659D1727B64600F22421 /* HeaderView.m in Sources */,
				4FEC659E1727B64600F22421 /* Item.m in Sources */,
				4FEC659F1727B64600F22421 /* main.m in Sources */,
				4FEC65A01727B64600F22421 /* SetttingsViewController.m in Sources */,
				4FEC65A21727B64600F22421 /* WoWApiClient.m in Sources */,
				4FEC65A31727B64600F22421 /* WowItemView.m in Sources */,
				4FEC65A41727B64600F22421 /* WoWUtils.m in Sources */,
				4FEC65A71727B64600F22421 /* GuildBrowserTests.m in Sources */,
			);
			runOnlyForDeploymentPostprocessing = 0;
		};
		CB9FDC5715E9872E00B3713E /* Sources */ = {
			isa = PBXSourcesBuildPhase;
			buildActionMask = 2147483647;
			files = (
			);
			runOnlyForDeploymentPostprocessing = 0;
		};
/* End PBXSourcesBuildPhase section */

/* Begin PBXTargetDependency section */
		CB9FDC6215E9872E00B3713E /* PBXTargetDependency */ = {
			isa = PBXTargetDependency;
			target = CB9FDC3A15E9872D00B3713E /* GuildBrowser */;
			targetProxy = CB9FDC6115E9872E00B3713E /* PBXContainerItemProxy */;
		};
/* End PBXTargetDependency section */

/* Begin PBXVariantGroup section */
		4FEC65581727B64600F22421 /* InfoPlist.strings */ = {
			isa = PBXVariantGroup;
			children = (
				4FEC65591727B64600F22421 /* en */,
			);
			name = InfoPlist.strings;
			sourceTree = "<group>";
		};
		4FEC655A1727B64600F22421 /* MainStoryboard.storyboard */ = {
			isa = PBXVariantGroup;
			children = (
				4FEC655B1727B64600F22421 /* en */,
			);
			name = MainStoryboard.storyboard;
			sourceTree = "<group>";
		};
		4FEC656F1727B64600F22421 /* InfoPlist.strings */ = {
			isa = PBXVariantGroup;
			children = (
				4FEC65701727B64600F22421 /* en */,
			);
			name = InfoPlist.strings;
			sourceTree = "<group>";
		};
/* End PBXVariantGroup section */

/* Begin XCBuildConfiguration section */
		CB9FDC6C15E9872E00B3713E /* Debug */ = {
			isa = XCBuildConfiguration;
			buildSettings = {
				ALWAYS_SEARCH_USER_PATHS = NO;
				CLANG_CXX_LANGUAGE_STANDARD = "gnu++0x";
				CLANG_CXX_LIBRARY = "libc++";
				CLANG_ENABLE_OBJC_ARC = YES;
				CLANG_WARN__DUPLICATE_METHOD_MATCH = YES;
				"CODE_SIGN_IDENTITY[sdk=iphoneos*]" = "iPhone Developer";
				COPY_PHASE_STRIP = NO;
				GCC_C_LANGUAGE_STANDARD = gnu99;
				GCC_DYNAMIC_NO_PIC = NO;
				GCC_OPTIMIZATION_LEVEL = 0;
				GCC_PREPROCESSOR_DEFINITIONS = (
					"DEBUG=1",
					"$(inherited)",
				);
				GCC_SYMBOLS_PRIVATE_EXTERN = NO;
				GCC_WARN_ABOUT_RETURN_TYPE = YES;
				GCC_WARN_UNINITIALIZED_AUTOS = YES;
				GCC_WARN_UNUSED_VARIABLE = YES;
				IPHONEOS_DEPLOYMENT_TARGET = 6.0;
				SDKROOT = iphoneos;
				TARGETED_DEVICE_FAMILY = 2;
			};
			name = Debug;
		};
		CB9FDC6D15E9872E00B3713E /* Release */ = {
			isa = XCBuildConfiguration;
			buildSettings = {
				ALWAYS_SEARCH_USER_PATHS = NO;
				CLANG_CXX_LANGUAGE_STANDARD = "gnu++0x";
				CLANG_CXX_LIBRARY = "libc++";
				CLANG_ENABLE_OBJC_ARC = YES;
				CLANG_WARN__DUPLICATE_METHOD_MATCH = YES;
				"CODE_SIGN_IDENTITY[sdk=iphoneos*]" = "iPhone Developer";
				COPY_PHASE_STRIP = YES;
				GCC_C_LANGUAGE_STANDARD = gnu99;
				GCC_WARN_ABOUT_RETURN_TYPE = YES;
				GCC_WARN_UNINITIALIZED_AUTOS = YES;
				GCC_WARN_UNUSED_VARIABLE = YES;
				IPHONEOS_DEPLOYMENT_TARGET = 6.0;
				OTHER_CFLAGS = "-DNS_BLOCK_ASSERTIONS=1";
				SDKROOT = iphoneos;
				TARGETED_DEVICE_FAMILY = 2;
				VALIDATE_PRODUCT = YES;
			};
			name = Release;
		};
		CB9FDC6F15E9872E00B3713E /* Debug */ = {
			isa = XCBuildConfiguration;
			buildSettings = {
				GCC_PRECOMPILE_PREFIX_HEADER = YES;
				GCC_PREFIX_HEADER = "GuildBrowser/GuildBrowser-Prefix.pch";
				INFOPLIST_FILE = "GuildBrowser/GuildBrowser-Info.plist";
				PRODUCT_NAME = "$(TARGET_NAME)";
				WRAPPER_EXTENSION = app;
			};
			name = Debug;
		};
		CB9FDC7015E9872E00B3713E /* Release */ = {
			isa = XCBuildConfiguration;
			buildSettings = {
				GCC_PRECOMPILE_PREFIX_HEADER = YES;
				GCC_PREFIX_HEADER = "GuildBrowser/GuildBrowser-Prefix.pch";
				INFOPLIST_FILE = "GuildBrowser/GuildBrowser-Info.plist";
				PRODUCT_NAME = "$(TARGET_NAME)";
				WRAPPER_EXTENSION = app;
			};
			name = Release;
		};
		CB9FDC7215E9872E00B3713E /* Debug */ = {
			isa = XCBuildConfiguration;
			buildSettings = {
				BUNDLE_LOADER = "$(BUILT_PRODUCTS_DIR)/GuildBrowser.app/GuildBrowser";
				FRAMEWORK_SEARCH_PATHS = (
					"\"$(SDKROOT)/Developer/Library/Frameworks\"",
					"\"$(DEVELOPER_LIBRARY_DIR)/Frameworks\"",
				);
				GCC_PRECOMPILE_PREFIX_HEADER = YES;
				GCC_PREFIX_HEADER = "GuildBrowser/GuildBrowser-Prefix.pch";
				INFOPLIST_FILE = "GuildBrowserTests/GuildBrowserTests-Info.plist";
				PRODUCT_NAME = "$(TARGET_NAME)";
				TEST_HOST = "$(BUNDLE_LOADER)";
				WRAPPER_EXTENSION = octest;
			};
			name = Debug;
		};
		CB9FDC7315E9872E00B3713E /* Release */ = {
			isa = XCBuildConfiguration;
			buildSettings = {
				BUNDLE_LOADER = "$(BUILT_PRODUCTS_DIR)/GuildBrowser.app/GuildBrowser";
				FRAMEWORK_SEARCH_PATHS = (
					"\"$(SDKROOT)/Developer/Library/Frameworks\"",
					"\"$(DEVELOPER_LIBRARY_DIR)/Frameworks\"",
				);
				GCC_PRECOMPILE_PREFIX_HEADER = YES;
				GCC_PREFIX_HEADER = "GuildBrowser/GuildBrowser-Prefix.pch";
				INFOPLIST_FILE = "GuildBrowserTests/GuildBrowserTests-Info.plist";
				PRODUCT_NAME = "$(TARGET_NAME)";
				TEST_HOST = "$(BUNDLE_LOADER)";
				WRAPPER_EXTENSION = octest;
			};
			name = Release;
		};
/* End XCBuildConfiguration section */

/* Begin XCConfigurationList section */
		CB9FDC3515E9872D00B3713E /* Build configuration list for PBXProject "GuildBrowser" */ = {
			isa = XCConfigurationList;
			buildConfigurations = (
				CB9FDC6C15E9872E00B3713E /* Debug */,
				CB9FDC6D15E9872E00B3713E /* Release */,
			);
			defaultConfigurationIsVisible = 0;
			defaultConfigurationName = Release;
		};
		CB9FDC6E15E9872E00B3713E /* Build configuration list for PBXNativeTarget "GuildBrowser" */ = {
			isa = XCConfigurationList;
			buildConfigurations = (
				CB9FDC6F15E9872E00B3713E /* Debug */,
				CB9FDC7015E9872E00B3713E /* Release */,
			);
			defaultConfigurationIsVisible = 0;
			defaultConfigurationName = Release;
		};
		CB9FDC7115E9872E00B3713E /* Build configuration list for PBXNativeTarget "GuildBrowserTests" */ = {
			isa = XCConfigurationList;
			buildConfigurations = (
				CB9FDC7215E9872E00B3713E /* Debug */,
				CB9FDC7315E9872E00B3713E /* Release */,
			);
			defaultConfigurationIsVisible = 0;
			defaultConfigurationName = Release;
		};
/* End XCConfigurationList section */
	};
	rootObject = CB9FDC3215E9872D00B3713E /* Project object */;
}
